<?xml version="1.0" encoding="utf-8"?>
<Project ToolsVersion="4.0" xmlns="http://schemas.microsoft.com/developer/msbuild/2003">
  <ItemGroup>
    <Filter Include="Archivos de código fuente">
      <UniqueIdentifier>{4FC737F1-C7A5-4376-A066-2A32D752A2FF}</UniqueIdentifier>
      <Extensions>cpp;c;cc;cxx;c++;cppm;ixx;def;odl;idl;hpj;bat;asm;asmx</Extensions>
    </Filter>
    <Filter Include="Archivos de encabezado">
      <UniqueIdentifier>{d35962c8-00a4-474e-844b-036ce7d3ae2d}</UniqueIdentifier>
    </Filter>
    <Filter Include="Archivos de código fuente\Managers">
      <UniqueIdentifier>{660e3fc4-2e81-4028-8b83-625ec80da425}</UniqueIdentifier>
    </Filter>
    <Filter Include="Archivos de encabezado\Managers">
      <UniqueIdentifier>{9fa60d76-852b-4ed8-978c-ec6b8528841f}</UniqueIdentifier>
    </Filter>
    <Filter Include="Archivos de código fuente\Scenes">
      <UniqueIdentifier>{ab6096e5-9820-40cf-a967-9bb85cc36b77}</UniqueIdentifier>
    </Filter>
    <Filter Include="Archivos de encabezado\Scenes">
      <UniqueIdentifier>{9323cc5b-1502-4f86-bbbd-f417660e849a}</UniqueIdentifier>
    </Filter>
    <Filter Include="Archivos de encabezado\Items">
      <UniqueIdentifier>{02371e40-5761-4f68-83f7-606cd4f1e7fe}</UniqueIdentifier>
    </Filter>
    <Filter Include="Archivos de código fuente\Items">
      <UniqueIdentifier>{695fa705-3c3b-490f-8d71-bc3d03f205b4}</UniqueIdentifier>
    </Filter>
    <Filter Include="Archivos de código fuente\Screens">
      <UniqueIdentifier>{04a57004-245d-4b97-bd9b-4dc66aa0fdf1}</UniqueIdentifier>
    </Filter>
    <Filter Include="Archivos de encabezado\Screens">
      <UniqueIdentifier>{3d8987a6-b8c2-4265-9796-552b5d1a70ac}</UniqueIdentifier>
    </Filter>
    <Filter Include="Archivos de código fuente\Subweapons">
      <UniqueIdentifier>{16d6fc33-1a7f-4412-86fb-716b29785fab}</UniqueIdentifier>
    </Filter>
    <Filter Include="Archivos de encabezado\Subweapons">
      <UniqueIdentifier>{f2485bcd-7c3b-4b2a-9a3e-ab15fd1671a1}</UniqueIdentifier>
    </Filter>
  </ItemGroup>
  <ItemGroup>
    <ClCompile Include="main.cpp">
      <Filter>Archivos de código fuente</Filter>
    </ClCompile>
    <ClCompile Include="Game.cpp">
      <Filter>Archivos de código fuente</Filter>
    </ClCompile>
    <ClCompile Include="Player.cpp">
      <Filter>Archivos de código fuente</Filter>
    </ClCompile>
    <ClCompile Include="AnimKeyframes.h">
      <Filter>Archivos de encabezado</Filter>
    </ClCompile>
    <ClCompile Include="Shader.cpp">
      <Filter>Archivos de código fuente</Filter>
    </ClCompile>
    <ClCompile Include="ShaderProgram.cpp">
      <Filter>Archivos de código fuente</Filter>
    </ClCompile>
    <ClCompile Include="Sprite.cpp">
      <Filter>Archivos de código fuente</Filter>
    </ClCompile>
    <ClCompile Include="Texture.cpp">
      <Filter>Archivos de código fuente</Filter>
    </ClCompile>
    <ClCompile Include="TileMap.cpp">
      <Filter>Archivos de código fuente</Filter>
    </ClCompile>
    <ClCompile Include="Entity.cpp">
      <Filter>Archivos de código fuente</Filter>
    </ClCompile>
    <ClCompile Include="TextureManager.cpp">
      <Filter>Archivos de código fuente\Managers</Filter>
    </ClCompile>
    <ClCompile Include="SpriteManager.cpp">
      <Filter>Archivos de código fuente\Managers</Filter>
    </ClCompile>
    <ClCompile Include="EffectsManager.cpp">
      <Filter>Archivos de código fuente\Managers</Filter>
    </ClCompile>
    <ClCompile Include="Effect.cpp">
      <Filter>Archivos de código fuente</Filter>
    </ClCompile>
    <ClCompile Include="Enemy.cpp">
      <Filter>Archivos de código fuente</Filter>
    </ClCompile>
    <ClCompile Include="SoundEngine.cpp">
      <Filter>Archivos de código fuente</Filter>
    </ClCompile>
    <ClCompile Include="EnemyManager.cpp">
      <Filter>Archivos de código fuente\Managers</Filter>
    </ClCompile>
    <ClCompile Include="ItemManager.cpp">
      <Filter>Archivos de código fuente\Managers</Filter>
    </ClCompile>
    <ClCompile Include="SceneTesting.cpp">
      <Filter>Archivos de código fuente\Scenes</Filter>
    </ClCompile>
    <ClCompile Include="Scene.cpp">
      <Filter>Archivos de código fuente\Scenes</Filter>
    </ClCompile>
    <ClCompile Include="Level1Sc1.cpp">
      <Filter>Archivos de código fuente\Scenes</Filter>
    </ClCompile>
    <ClCompile Include="Text.cpp">
      <Filter>Archivos de código fuente</Filter>
    </ClCompile>
    <ClCompile Include="GUI.cpp">
      <Filter>Archivos de código fuente</Filter>
    </ClCompile>
    <ClCompile Include="TexturedQuad.cpp">
      <Filter>Archivos de código fuente</Filter>
    </ClCompile>
    <ClCompile Include="Item.cpp">
      <Filter>Archivos de código fuente\Items</Filter>
    </ClCompile>
    <ClCompile Include="Trinket.cpp">
      <Filter>Archivos de código fuente\Items</Filter>
    </ClCompile>
    <ClCompile Include="TitleScreen.cpp">
      <Filter>Archivos de código fuente\Screens</Filter>
    </ClCompile>
    <ClCompile Include="Screen.cpp">
      <Filter>Archivos de código fuente\Screens</Filter>
    </ClCompile>
    <ClCompile Include="Food.cpp">
      <Filter>Archivos de código fuente\Items</Filter>
    </ClCompile>
    <ClCompile Include="Heart.cpp">
      <Filter>Archivos de código fuente\Items</Filter>
    </ClCompile>
    <ClCompile Include="Candle.cpp">
      <Filter>Archivos de código fuente</Filter>
    </ClCompile>
    <ClCompile Include="Bag.cpp">
      <Filter>Archivos de código fuente\Items</Filter>
    </ClCompile>
    <ClCompile Include="Subweapon.cpp">
      <Filter>Archivos de código fuente\Subweapons</Filter>
    </ClCompile>
    <ClCompile Include="Axe.cpp">
      <Filter>Archivos de código fuente\Subweapons</Filter>
    </ClCompile>
  </ItemGroup>
  <ItemGroup>
    <ClInclude Include="Game.h">
      <Filter>Archivos de encabezado</Filter>
    </ClInclude>
    <ClInclude Include="Player.h">
      <Filter>Archivos de encabezado</Filter>
    </ClInclude>
    <ClInclude Include="Shader.h">
      <Filter>Archivos de encabezado</Filter>
    </ClInclude>
    <ClInclude Include="ShaderProgram.h">
      <Filter>Archivos de encabezado</Filter>
    </ClInclude>
    <ClInclude Include="Sprite.h">
      <Filter>Archivos de encabezado</Filter>
    </ClInclude>
    <ClInclude Include="Texture.h">
      <Filter>Archivos de encabezado</Filter>
    </ClInclude>
    <ClInclude Include="TileMap.h">
      <Filter>Archivos de encabezado</Filter>
    </ClInclude>
    <ClInclude Include="Hitbox.h">
      <Filter>Archivos de encabezado</Filter>
    </ClInclude>
    <ClInclude Include="SpawnPoint.h">
      <Filter>Archivos de encabezado</Filter>
    </ClInclude>
    <ClInclude Include="Entity.h">
      <Filter>Archivos de encabezado</Filter>
    </ClInclude>
    <ClInclude Include="TextureManager.h">
      <Filter>Archivos de encabezado\Managers</Filter>
    </ClInclude>
    <ClInclude Include="SpriteManager.h">
      <Filter>Archivos de encabezado\Managers</Filter>
    </ClInclude>
    <ClInclude Include="EffectsManager.h">
      <Filter>Archivos de encabezado\Managers</Filter>
    </ClInclude>
    <ClInclude Include="Effect.h">
      <Filter>Archivos de encabezado</Filter>
    </ClInclude>
    <ClInclude Include="EnemyManager.h">
      <Filter>Archivos de encabezado\Managers</Filter>
    </ClInclude>
    <ClInclude Include="ItemManager.h">
      <Filter>Archivos de encabezado\Managers</Filter>
    </ClInclude>
    <ClInclude Include="Enemy.h">
      <Filter>Archivos de encabezado</Filter>
    </ClInclude>
    <ClInclude Include="SoundEngine.h">
      <Filter>Archivos de encabezado</Filter>
    </ClInclude>
    <ClInclude Include="Afterimage.h">
      <Filter>Archivos de encabezado</Filter>
    </ClInclude>
    <ClInclude Include="Afterimages.h">
      <Filter>Archivos de encabezado</Filter>
    </ClInclude>
    <ClInclude Include="SceneTesting.h">
      <Filter>Archivos de encabezado\Scenes</Filter>
    </ClInclude>
    <ClInclude Include="Scene.h">
      <Filter>Archivos de encabezado\Scenes</Filter>
    </ClInclude>
    <ClInclude Include="Level1Sc1.h">
      <Filter>Archivos de encabezado\Scenes</Filter>
    </ClInclude>
    <ClInclude Include="GUI.h">
      <Filter>Archivos de encabezado</Filter>
    </ClInclude>
    <ClInclude Include="Text.h">
      <Filter>Archivos de encabezado</Filter>
    </ClInclude>
    <ClInclude Include="TexturedQuad.h">
      <Filter>Archivos de encabezado</Filter>
    </ClInclude>
    <ClInclude Include="Item.h">
      <Filter>Archivos de encabezado\Items</Filter>
    </ClInclude>
    <ClInclude Include="Trinket.h">
      <Filter>Archivos de encabezado\Items</Filter>
    </ClInclude>
    <ClInclude Include="Screen.h">
      <Filter>Archivos de encabezado\Screens</Filter>
    </ClInclude>
    <ClInclude Include="TitleScreen.h">
      <Filter>Archivos de encabezado\Screens</Filter>
    </ClInclude>
    <ClInclude Include="Food.h">
      <Filter>Archivos de encabezado\Items</Filter>
    </ClInclude>
    <ClInclude Include="Heart.h">
      <Filter>Archivos de encabezado\Items</Filter>
    </ClInclude>
    <ClInclude Include="Candle.h">
      <Filter>Archivos de encabezado</Filter>
    </ClInclude>
    <ClInclude Include="Bag.h">
      <Filter>Archivos de encabezado\Items</Filter>
    </ClInclude>
    <ClInclude Include="Subweapon.h">
      <Filter>Archivos de encabezado\Subweapons</Filter>
    </ClInclude>
    <ClInclude Include="Axe.h">
      <Filter>Archivos de encabezado\Subweapons</Filter>
    </ClInclude>
  </ItemGroup>
</Project>